// !$*UTF8*$!
{
	archiveVersion = 1;
	classes = {
	};
	objectVersion = 56;
	objects = {

/* Begin PBXBuildFile section */
		4021943C2CE50851003FA188 /* LoginView.swift in Sources */ = {isa = PBXBuildFile; fileRef = 4021943B2CE50851003FA188 /* LoginView.swift */; };
		402194582CE55361003FA188 /* GoogleService-Info.plist in Resources */ = {isa = PBXBuildFile; fileRef = 402194572CE55361003FA188 /* GoogleService-Info.plist */; };
		4021945B2CE55440003FA188 /* FirebaseAnalytics in Frameworks */ = {isa = PBXBuildFile; productRef = 4021945A2CE55440003FA188 /* FirebaseAnalytics */; };
		4021945D2CE55440003FA188 /* FirebaseAuth in Frameworks */ = {isa = PBXBuildFile; productRef = 4021945C2CE55440003FA188 /* FirebaseAuth */; };
		4021945F2CE55440003FA188 /* FirebaseFirestore in Frameworks */ = {isa = PBXBuildFile; productRef = 4021945E2CE55440003FA188 /* FirebaseFirestore */; };
		40641D7D2CE55618009746E5 /* String.swift in Sources */ = {isa = PBXBuildFile; fileRef = 40641D7C2CE55618009746E5 /* String.swift */; };
		40641D7F2CE55693009746E5 /* SignupView.swift in Sources */ = {isa = PBXBuildFile; fileRef = 40641D7E2CE55693009746E5 /* SignupView.swift */; };
		40641D812CE556AC009746E5 /* AuthView.swift in Sources */ = {isa = PBXBuildFile; fileRef = 40641D802CE556AC009746E5 /* AuthView.swift */; };
		40CA2F9F2CE4784A0072EA5E /* SaveLinkApp.swift in Sources */ = {isa = PBXBuildFile; fileRef = 40CA2F9E2CE4784A0072EA5E /* SaveLinkApp.swift */; };
		40CA2FA12CE4784A0072EA5E /* ContentView.swift in Sources */ = {isa = PBXBuildFile; fileRef = 40CA2FA02CE4784A0072EA5E /* ContentView.swift */; };
		40CA2FA32CE4784D0072EA5E /* Assets.xcassets in Resources */ = {isa = PBXBuildFile; fileRef = 40CA2FA22CE4784D0072EA5E /* Assets.xcassets */; };
		40CA2FA62CE4784D0072EA5E /* Preview Assets.xcassets in Resources */ = {isa = PBXBuildFile; fileRef = 40CA2FA52CE4784D0072EA5E /* Preview Assets.xcassets */; };
/* End PBXBuildFile section */

/* Begin PBXFileReference section */
		4021943B2CE50851003FA188 /* LoginView.swift */ = {isa = PBXFileReference; lastKnownFileType = sourcecode.swift; path = LoginView.swift; sourceTree = "<group>"; };
		402194572CE55361003FA188 /* GoogleService-Info.plist */ = {isa = PBXFileReference; fileEncoding = 4; lastKnownFileType = text.plist.xml; path = "GoogleService-Info.plist"; sourceTree = "<group>"; };
		40641D7C2CE55618009746E5 /* String.swift */ = {isa = PBXFileReference; lastKnownFileType = sourcecode.swift; path = String.swift; sourceTree = "<group>"; };
		40641D7E2CE55693009746E5 /* SignupView.swift */ = {isa = PBXFileReference; lastKnownFileType = sourcecode.swift; path = SignupView.swift; sourceTree = "<group>"; };
		40641D802CE556AC009746E5 /* AuthView.swift */ = {isa = PBXFileReference; lastKnownFileType = sourcecode.swift; path = AuthView.swift; sourceTree = "<group>"; };
		40CA2F9B2CE4784A0072EA5E /* SaveLink.app */ = {isa = PBXFileReference; explicitFileType = wrapper.application; includeInIndex = 0; path = SaveLink.app; sourceTree = BUILT_PRODUCTS_DIR; };
		40CA2F9E2CE4784A0072EA5E /* SaveLinkApp.swift */ = {isa = PBXFileReference; lastKnownFileType = sourcecode.swift; path = SaveLinkApp.swift; sourceTree = "<group>"; };
		40CA2FA02CE4784A0072EA5E /* ContentView.swift */ = {isa = PBXFileReference; lastKnownFileType = sourcecode.swift; path = ContentView.swift; sourceTree = "<group>"; };
		40CA2FA22CE4784D0072EA5E /* Assets.xcassets */ = {isa = PBXFileReference; lastKnownFileType = folder.assetcatalog; path = Assets.xcassets; sourceTree = "<group>"; };
		40CA2FA52CE4784D0072EA5E /* Preview Assets.xcassets */ = {isa = PBXFileReference; lastKnownFileType = folder.assetcatalog; path = "Preview Assets.xcassets"; sourceTree = "<group>"; };
/* End PBXFileReference section */

/* Begin PBXFrameworksBuildPhase section */
		40CA2F982CE4784A0072EA5E /* Frameworks */ = {
			isa = PBXFrameworksBuildPhase;
			buildActionMask = 2147483647;
			files = (
				4021945B2CE55440003FA188 /* FirebaseAnalytics in Frameworks */,
				4021945D2CE55440003FA188 /* FirebaseAuth in Frameworks */,
				4021945F2CE55440003FA188 /* FirebaseFirestore in Frameworks */,
			);
			runOnlyForDeploymentPostprocessing = 0;
		};
/* End PBXFrameworksBuildPhase section */

/* Begin PBXGroup section */
		4021943A2CE5081F003FA188 /* Views */ = {
			isa = PBXGroup;
			children = (
				40641D7E2CE55693009746E5 /* SignupView.swift */,
				40641D802CE556AC009746E5 /* AuthView.swift */,
				4021943B2CE50851003FA188 /* LoginView.swift */,
			);
			path = Views;
			sourceTree = "<group>";
		};
		40641D7B2CE555F0009746E5 /* Extensions */ = {
			isa = PBXGroup;
			children = (
				40641D7C2CE55618009746E5 /* String.swift */,
			);
			path = Extensions;
			sourceTree = "<group>";
		};
		40CA2F922CE4784A0072EA5E = {
			isa = PBXGroup;
			children = (
				40CA2F9D2CE4784A0072EA5E /* SaveLink */,
				40CA2F9C2CE4784A0072EA5E /* Products */,
			);
			sourceTree = "<group>";
		};
		40CA2F9C2CE4784A0072EA5E /* Products */ = {
			isa = PBXGroup;
			children = (
				40CA2F9B2CE4784A0072EA5E /* SaveLink.app */,
			);
			name = Products;
			sourceTree = "<group>";
		};
		40CA2F9D2CE4784A0072EA5E /* SaveLink */ = {
			isa = PBXGroup;
			children = (
				402194572CE55361003FA188 /* GoogleService-Info.plist */,
				40641D7B2CE555F0009746E5 /* Extensions */,
				4021943A2CE5081F003FA188 /* Views */,
				40CA2F9E2CE4784A0072EA5E /* SaveLinkApp.swift */,
				40CA2FA02CE4784A0072EA5E /* ContentView.swift */,
				40CA2FA22CE4784D0072EA5E /* Assets.xcassets */,
				40CA2FA42CE4784D0072EA5E /* Preview Content */,
			);
			path = SaveLink;
			sourceTree = "<group>";
		};
		40CA2FA42CE4784D0072EA5E /* Preview Content */ = {
			isa = PBXGroup;
			children = (
				40CA2FA52CE4784D0072EA5E /* Preview Assets.xcassets */,
			);
			path = "Preview Content";
			sourceTree = "<group>";
		};
/* End PBXGroup section */

/* Begin PBXNativeTarget section */
		40CA2F9A2CE4784A0072EA5E /* SaveLink */ = {
			isa = PBXNativeTarget;
			buildConfigurationList = 40CA2FA92CE4784D0072EA5E /* Build configuration list for PBXNativeTarget "SaveLink" */;
			buildPhases = (
				40CA2F972CE4784A0072EA5E /* Sources */,
				40CA2F982CE4784A0072EA5E /* Frameworks */,
				40CA2F992CE4784A0072EA5E /* Resources */,
			);
			buildRules = (
			);
			dependencies = (
			);
			name = SaveLink;
			packageProductDependencies = (
				4021945A2CE55440003FA188 /* FirebaseAnalytics */,
				4021945C2CE55440003FA188 /* FirebaseAuth */,
				4021945E2CE55440003FA188 /* FirebaseFirestore */,
			);
			productName = SaveLink;
			productReference = 40CA2F9B2CE4784A0072EA5E /* SaveLink.app */;
			productType = "com.apple.product-type.application";
		};
/* End PBXNativeTarget section */

/* Begin PBXProject section */
		40CA2F932CE4784A0072EA5E /* Project object */ = {
			isa = PBXProject;
			attributes = {
				BuildIndependentTargetsInParallel = 1;
				LastSwiftUpdateCheck = 1430;
				LastUpgradeCheck = 1430;
				TargetAttributes = {
					40CA2F9A2CE4784A0072EA5E = {
						CreatedOnToolsVersion = 14.3.1;
					};
				};
			};
			buildConfigurationList = 40CA2F962CE4784A0072EA5E /* Build configuration list for PBXProject "SaveLink" */;
			compatibilityVersion = "Xcode 14.0";
			developmentRegion = en;
			hasScannedForEncodings = 0;
			knownRegions = (
				en,
				Base,
			);
			mainGroup = 40CA2F922CE4784A0072EA5E;
			packageReferences = (
				402194592CE55440003FA188 /* XCRemoteSwiftPackageReference "firebase-ios-sdk" */,
			);
			productRefGroup = 40CA2F9C2CE4784A0072EA5E /* Products */;
			projectDirPath = "";
			projectRoot = "";
			targets = (
				40CA2F9A2CE4784A0072EA5E /* SaveLink */,
			);
		};
/* End PBXProject section */

/* Begin PBXResourcesBuildPhase section */
		40CA2F992CE4784A0072EA5E /* Resources */ = {
			isa = PBXResourcesBuildPhase;
			buildActionMask = 2147483647;
			files = (
				402194582CE55361003FA188 /* GoogleService-Info.plist in Resources */,
				40CA2FA62CE4784D0072EA5E /* Preview Assets.xcassets in Resources */,
				40CA2FA32CE4784D0072EA5E /* Assets.xcassets in Resources */,
			);
			runOnlyForDeploymentPostprocessing = 0;
		};
/* End PBXResourcesBuildPhase section */

/* Begin PBXSourcesBuildPhase section */
		40CA2F972CE4784A0072EA5E /* Sources */ = {
			isa = PBXSourcesBuildPhase;
			buildActionMask = 2147483647;
			files = (
				4021943C2CE50851003FA188 /* LoginView.swift in Sources */,
				40CA2FA12CE4784A0072EA5E /* ContentView.swift in Sources */,
				40641D812CE556AC009746E5 /* AuthView.swift in Sources */,
				40641D7D2CE55618009746E5 /* String.swift in Sources */,
				40CA2F9F2CE4784A0072EA5E /* SaveLinkApp.swift in Sources */,
				40641D7F2CE55693009746E5 /* SignupView.swift in Sources */,
			);
			runOnlyForDeploymentPostprocessing = 0;
		};
/* End PBXSourcesBuildPhase section */

/* Begin XCBuildConfiguration section */
		40CA2FA72CE4784D0072EA5E /* Debug */ = {
			isa = XCBuildConfiguration;
			buildSettings = {
				ALWAYS_SEARCH_USER_PATHS = NO;
				CLANG_ANALYZER_NONNULL = YES;
				CLANG_ANALYZER_NUMBER_OBJECT_CONVERSION = YES_AGGRESSIVE;
				CLANG_CXX_LANGUAGE_STANDARD = "gnu++20";
				CLANG_ENABLE_MODULES = YES;
				CLANG_ENABLE_OBJC_ARC = YES;
				CLANG_ENABLE_OBJC_WEAK = YES;
				CLANG_WARN_BLOCK_CAPTURE_AUTORELEASING = YES;
				CLANG_WARN_BOOL_CONVERSION = YES;
				CLANG_WARN_COMMA = YES;
				CLANG_WARN_CONSTANT_CONVERSION = YES;
				CLANG_WARN_DEPRECATED_OBJC_IMPLEMENTATIONS = YES;
				CLANG_WARN_DIRECT_OBJC_ISA_USAGE = YES_ERROR;
				CLANG_WARN_DOCUMENTATION_COMMENTS = YES;
				CLANG_WARN_EMPTY_BODY = YES;
				CLANG_WARN_ENUM_CONVERSION = YES;
				CLANG_WARN_INFINITE_RECURSION = YES;
				CLANG_WARN_INT_CONVERSION = YES;
				CLANG_WARN_NON_LITERAL_NULL_CONVERSION = YES;
				CLANG_WARN_OBJC_IMPLICIT_RETAIN_SELF = YES;
				CLANG_WARN_OBJC_LITERAL_CONVERSION = YES;
				CLANG_WARN_OBJC_ROOT_CLASS = YES_ERROR;
				CLANG_WARN_QUOTED_INCLUDE_IN_FRAMEWORK_HEADER = YES;
				CLANG_WARN_RANGE_LOOP_ANALYSIS = YES;
				CLANG_WARN_STRICT_PROTOTYPES = YES;
				CLANG_WARN_SUSPICIOUS_MOVE = YES;
				CLANG_WARN_UNGUARDED_AVAILABILITY = YES_AGGRESSIVE;
				CLANG_WARN_UNREACHABLE_CODE = YES;
				CLANG_WARN__DUPLICATE_METHOD_MATCH = YES;
				COPY_PHASE_STRIP = NO;
				DEBUG_INFORMATION_FORMAT = dwarf;
				ENABLE_STRICT_OBJC_MSGSEND = YES;
				ENABLE_TESTABILITY = YES;
				GCC_C_LANGUAGE_STANDARD = gnu11;
				GCC_DYNAMIC_NO_PIC = NO;
				GCC_NO_COMMON_BLOCKS = YES;
				GCC_OPTIMIZATION_LEVEL = 0;
				GCC_PREPROCESSOR_DEFINITIONS = (
					"DEBUG=1",
					"$(inherited)",
				);
				GCC_WARN_64_TO_32_BIT_CONVERSION = YES;
				GCC_WARN_ABOUT_RETURN_TYPE = YES_ERROR;
				GCC_WARN_UNDECLARED_SELECTOR = YES;
				GCC_WARN_UNINITIALIZED_AUTOS = YES_AGGRESSIVE;
				GCC_WARN_UNUSED_FUNCTION = YES;
				GCC_WARN_UNUSED_VARIABLE = YES;
				IPHONEOS_DEPLOYMENT_TARGET = 16.4;
				MTL_ENABLE_DEBUG_INFO = INCLUDE_SOURCE;
				MTL_FAST_MATH = YES;
				ONLY_ACTIVE_ARCH = YES;
				SDKROOT = iphoneos;
				SWIFT_ACTIVE_COMPILATION_CONDITIONS = DEBUG;
				SWIFT_OPTIMIZATION_LEVEL = "-Onone";
			};
			name = Debug;
		};
		40CA2FA82CE4784D0072EA5E /* Release */ = {
			isa = XCBuildConfiguration;
			buildSettings = {
				ALWAYS_SEARCH_USER_PATHS = NO;
				CLANG_ANALYZER_NONNULL = YES;
				CLANG_ANALYZER_NUMBER_OBJECT_CONVERSION = YES_AGGRESSIVE;
				CLANG_CXX_LANGUAGE_STANDARD = "gnu++20";
				CLANG_ENABLE_MODULES = YES;
				CLANG_ENABLE_OBJC_ARC = YES;
				CLANG_ENABLE_OBJC_WEAK = YES;
				CLANG_WARN_BLOCK_CAPTURE_AUTORELEASING = YES;
				CLANG_WARN_BOOL_CONVERSION = YES;
				CLANG_WARN_COMMA = YES;
				CLANG_WARN_CONSTANT_CONVERSION = YES;
				CLANG_WARN_DEPRECATED_OBJC_IMPLEMENTATIONS = YES;
				CLANG_WARN_DIRECT_OBJC_ISA_USAGE = YES_ERROR;
				CLANG_WARN_DOCUMENTATION_COMMENTS = YES;
				CLANG_WARN_EMPTY_BODY = YES;
				CLANG_WARN_ENUM_CONVERSION = YES;
				CLANG_WARN_INFINITE_RECURSION = YES;
				CLANG_WARN_INT_CONVERSION = YES;
				CLANG_WARN_NON_LITERAL_NULL_CONVERSION = YES;
				CLANG_WARN_OBJC_IMPLICIT_RETAIN_SELF = YES;
				CLANG_WARN_OBJC_LITERAL_CONVERSION = YES;
				CLANG_WARN_OBJC_ROOT_CLASS = YES_ERROR;
				CLANG_WARN_QUOTED_INCLUDE_IN_FRAMEWORK_HEADER = YES;
				CLANG_WARN_RANGE_LOOP_ANALYSIS = YES;
				CLANG_WARN_STRICT_PROTOTYPES = YES;
				CLANG_WARN_SUSPICIOUS_MOVE = YES;
				CLANG_WARN_UNGUARDED_AVAILABILITY = YES_AGGRESSIVE;
				CLANG_WARN_UNREACHABLE_CODE = YES;
				CLANG_WARN__DUPLICATE_METHOD_MATCH = YES;
				COPY_PHASE_STRIP = NO;
				DEBUG_INFORMATION_FORMAT = "dwarf-with-dsym";
				ENABLE_NS_ASSERTIONS = NO;
				ENABLE_STRICT_OBJC_MSGSEND = YES;
				GCC_C_LANGUAGE_STANDARD = gnu11;
				GCC_NO_COMMON_BLOCKS = YES;
				GCC_WARN_64_TO_32_BIT_CONVERSION = YES;
				GCC_WARN_ABOUT_RETURN_TYPE = YES_ERROR;
				GCC_WARN_UNDECLARED_SELECTOR = YES;
				GCC_WARN_UNINITIALIZED_AUTOS = YES_AGGRESSIVE;
				GCC_WARN_UNUSED_FUNCTION = YES;
				GCC_WARN_UNUSED_VARIABLE = YES;
				IPHONEOS_DEPLOYMENT_TARGET = 16.4;
				MTL_ENABLE_DEBUG_INFO = NO;
				MTL_FAST_MATH = YES;
				SDKROOT = iphoneos;
				SWIFT_COMPILATION_MODE = wholemodule;
				SWIFT_OPTIMIZATION_LEVEL = "-O";
				VALIDATE_PRODUCT = YES;
			};
			name = Release;
		};
		40CA2FAA2CE4784D0072EA5E /* Debug */ = {
			isa = XCBuildConfiguration;
			buildSettings = {
				ASSETCATALOG_COMPILER_APPICON_NAME = AppIcon;
				ASSETCATALOG_COMPILER_GLOBAL_ACCENT_COLOR_NAME = AccentColor;
				CODE_SIGN_STYLE = Automatic;
				CURRENT_PROJECT_VERSION = 1;
				DEVELOPMENT_ASSET_PATHS = "\"SaveLink/Preview Content\"";
				DEVELOPMENT_TEAM = Y5LLKHVXCN;
				ENABLE_PREVIEWS = YES;
				GENERATE_INFOPLIST_FILE = YES;
				INFOPLIST_KEY_UIApplicationSceneManifest_Generation = YES;
				INFOPLIST_KEY_UIApplicationSupportsIndirectInputEvents = YES;
				INFOPLIST_KEY_UILaunchScreen_Generation = YES;
				INFOPLIST_KEY_UISupportedInterfaceOrientations_iPad = "UIInterfaceOrientationPortrait UIInterfaceOrientationPortraitUpsideDown UIInterfaceOrientationLandscapeLeft UIInterfaceOrientationLandscapeRight";
				INFOPLIST_KEY_UISupportedInterfaceOrientations_iPhone = "UIInterfaceOrientationPortrait UIInterfaceOrientationLandscapeLeft UIInterfaceOrientationLandscapeRight";
				LD_RUNPATH_SEARCH_PATHS = (
					"$(inherited)",
					"@executable_path/Frameworks",
				);
				MARKETING_VERSION = 1.0;
				PRODUCT_BUNDLE_IDENTIFIER = Apps.SaveLink;
				PRODUCT_NAME = "$(TARGET_NAME)";
				SWIFT_EMIT_LOC_STRINGS = YES;
				SWIFT_VERSION = 5.0;
				TARGETED_DEVICE_FAMILY = "1,2";
			};
			name = Debug;
		};
		40CA2FAB2CE4784D0072EA5E /* Release */ = {
			isa = XCBuildConfiguration;
			buildSettings = {
				ASSETCATALOG_COMPILER_APPICON_NAME = AppIcon;
				ASSETCATALOG_COMPILER_GLOBAL_ACCENT_COLOR_NAME = AccentColor;
				CODE_SIGN_STYLE = Automatic;
				CURRENT_PROJECT_VERSION = 1;
				DEVELOPMENT_ASSET_PATHS = "\"SaveLink/Preview Content\"";
				DEVELOPMENT_TEAM = Y5LLKHVXCN;
				ENABLE_PREVIEWS = YES;
				GENERATE_INFOPLIST_FILE = YES;
				INFOPLIST_KEY_UIApplicationSceneManifest_Generation = YES;
				INFOPLIST_KEY_UIApplicationSupportsIndirectInputEvents = YES;
				INFOPLIST_KEY_UILaunchScreen_Generation = YES;
				INFOPLIST_KEY_UISupportedInterfaceOrientations_iPad = "UIInterfaceOrientationPortrait UIInterfaceOrientationPortraitUpsideDown UIInterfaceOrientationLandscapeLeft UIInterfaceOrientationLandscapeRight";
				INFOPLIST_KEY_UISupportedInterfaceOrientations_iPhone = "UIInterfaceOrientationPortrait UIInterfaceOrientationLandscapeLeft UIInterfaceOrientationLandscapeRight";
				LD_RUNPATH_SEARCH_PATHS = (
					"$(inherited)",
					"@executable_path/Frameworks",
				);
				MARKETING_VERSION = 1.0;
				PRODUCT_BUNDLE_IDENTIFIER = Apps.SaveLink;
				PRODUCT_NAME = "$(TARGET_NAME)";
				SWIFT_EMIT_LOC_STRINGS = YES;
				SWIFT_VERSION = 5.0;
				TARGETED_DEVICE_FAMILY = "1,2";
			};
			name = Release;
		};
/* End XCBuildConfiguration section */

/* Begin XCConfigurationList section */
		40CA2F962CE4784A0072EA5E /* Build configuration list for PBXProject "SaveLink" */ = {
			isa = XCConfigurationList;
			buildConfigurations = (
				40CA2FA72CE4784D0072EA5E /* Debug */,
				40CA2FA82CE4784D0072EA5E /* Release */,
			);
			defaultConfigurationIsVisible = 0;
			defaultConfigurationName = Release;
		};
		40CA2FA92CE4784D0072EA5E /* Build configuration list for PBXNativeTarget "SaveLink" */ = {
			isa = XCConfigurationList;
			buildConfigurations = (
				40CA2FAA2CE4784D0072EA5E /* Debug */,
				40CA2FAB2CE4784D0072EA5E /* Release */,
			);
			defaultConfigurationIsVisible = 0;
			defaultConfigurationName = Release;
		};
/* End XCConfigurationList section */

/* Begin XCRemoteSwiftPackageReference section */
		402194592CE55440003FA188 /* XCRemoteSwiftPackageReference "firebase-ios-sdk" */ = {
			isa = XCRemoteSwiftPackageReference;
			repositoryURL = "https://github.com/firebase/firebase-ios-sdk.git";
			requirement = {
				branch = master;
				kind = branch;
			};
		};
/* End XCRemoteSwiftPackageReference section */

/* Begin XCSwiftPackageProductDependency section */
		4021945A2CE55440003FA188 /* FirebaseAnalytics */ = {
			isa = XCSwiftPackageProductDependency;
			package = 402194592CE55440003FA188 /* XCRemoteSwiftPackageReference "firebase-ios-sdk" */;
			productName = FirebaseAnalytics;
		};
		4021945C2CE55440003FA188 /* FirebaseAuth */ = {
			isa = XCSwiftPackageProductDependency;
			package = 402194592CE55440003FA188 /* XCRemoteSwiftPackageReference "firebase-ios-sdk" */;
			productName = FirebaseAuth;
		};
		4021945E2CE55440003FA188 /* FirebaseFirestore */ = {
			isa = XCSwiftPackageProductDependency;
			package = 402194592CE55440003FA188 /* XCRemoteSwiftPackageReference "firebase-ios-sdk" */;
			productName = FirebaseFirestore;
		};
/* End XCSwiftPackageProductDependency section */
	};
	rootObject = 40CA2F932CE4784A0072EA5E /* Project object */;
}
